<?xml version="1.0" encoding="utf-8"?>
<Project ToolsVersion="4.0" xmlns="http://schemas.microsoft.com/developer/msbuild/2003">
  <ItemGroup>
    <Filter Include="Scripts">
      <UniqueIdentifier>{0d9449b3-0950-4b07-9283-45f3ae13fc98}</UniqueIdentifier>
    </Filter>
    <Filter Include="Code">
      <UniqueIdentifier>{0b7f2525-2b42-451b-994a-0f5222652d49}</UniqueIdentifier>
    </Filter>
    <Filter Include="Code\Header Files">
      <UniqueIdentifier>{93995380-89BD-4b04-88EB-625FBE52EBFB}</UniqueIdentifier>
      <Extensions>h;hh;hpp;hxx;h++;hm;inl;inc;ipp;xsd</Extensions>
    </Filter>
    <Filter Include="Code\Header Files\Scripting">
      <UniqueIdentifier>{19a99501-f31d-4254-8fbb-60dc129239de}</UniqueIdentifier>
    </Filter>
    <Filter Include="Code\Header Files\Entities">
      <UniqueIdentifier>{d6677890-dea4-40d2-9acb-968c0ba22492}</UniqueIdentifier>
    </Filter>
    <Filter Include="Code\Source Files">
      <UniqueIdentifier>{4FC737F1-C7A5-4376-A066-2A32D752A2FF}</UniqueIdentifier>
      <Extensions>cpp;c;cc;cxx;c++;cppm;ixx;def;odl;idl;hpj;bat;asm;asmx</Extensions>
    </Filter>
    <Filter Include="Code\Source Files\Entities">
      <UniqueIdentifier>{4c6bc176-edd7-4f06-b2bb-c9e57ef7393f}</UniqueIdentifier>
    </Filter>
    <Filter Include="Code\Source Files\Scripting">
      <UniqueIdentifier>{81890766-8d98-474d-b32a-914a89e7534c}</UniqueIdentifier>
    </Filter>
    <Filter Include="ThirdParty">
      <UniqueIdentifier>{2691e07d-b6ca-4aea-a2af-a0b946046975}</UniqueIdentifier>
    </Filter>
    <Filter Include="ThirdParty\lua">
      <UniqueIdentifier>{8271ec7e-58a2-44c6-a5ec-b7f3ca9d5332}</UniqueIdentifier>
    </Filter>
    <Filter Include="Workflows">
      <UniqueIdentifier>{d16d8b33-daa5-451d-b503-bd43bff95941}</UniqueIdentifier>
    </Filter>
  </ItemGroup>
  <ItemGroup>
    <ClCompile Include="src\Main.cpp">
      <Filter>Code\Source Files</Filter>
    </ClCompile>
    <ClCompile Include="src\MusicPlayer.cpp">
      <Filter>Code\Source Files</Filter>
    </ClCompile>
    <ClCompile Include="src\Scene.cpp">
      <Filter>Code\Source Files</Filter>
    </ClCompile>
    <ClCompile Include="src\BlueEnemy.cpp">
      <Filter>Code\Source Files\Entities</Filter>
    </ClCompile>
    <ClCompile Include="src\Frog.cpp">
      <Filter>Code\Source Files\Entities</Filter>
    </ClCompile>
    <ClCompile Include="src\GreenEnemy.cpp">
      <Filter>Code\Source Files\Entities</Filter>
    </ClCompile>
    <ClCompile Include="src\Player.cpp">
      <Filter>Code\Source Files\Entities</Filter>
    </ClCompile>
    <ClCompile Include="src\TextCounter.cpp">
      <Filter>Code\Source Files\Entities</Filter>
    </ClCompile>
    <ClCompile Include="src\ScriptManager.cpp">
      <Filter>Code\Source Files\Scripting</Filter>
    </ClCompile>
    <ClCompile Include="src\Scriptable.cpp">
      <Filter>Code\Source Files\Scripting</Filter>
    </ClCompile>
    <ClCompile Include="ThirdParty\lua\lapi.c">
      <Filter>ThirdParty\lua</Filter>
    </ClCompile>
    <ClCompile Include="ThirdParty\lua\lauxlib.c">
      <Filter>ThirdParty\lua</Filter>
    </ClCompile>
    <ClCompile Include="ThirdParty\lua\lbaselib.c">
      <Filter>ThirdParty\lua</Filter>
    </ClCompile>
    <ClCompile Include="ThirdParty\lua\lcode.c">
      <Filter>ThirdParty\lua</Filter>
    </ClCompile>
    <ClCompile Include="ThirdParty\lua\lcorolib.c">
      <Filter>ThirdParty\lua</Filter>
    </ClCompile>
    <ClCompile Include="ThirdParty\lua\lctype.c">
      <Filter>ThirdParty\lua</Filter>
    </ClCompile>
    <ClCompile Include="ThirdParty\lua\ldblib.c">
      <Filter>ThirdParty\lua</Filter>
    </ClCompile>
    <ClCompile Include="ThirdParty\lua\ldebug.c">
      <Filter>ThirdParty\lua</Filter>
    </ClCompile>
    <ClCompile Include="ThirdParty\lua\ldo.c">
      <Filter>ThirdParty\lua</Filter>
    </ClCompile>
    <ClCompile Include="ThirdParty\lua\ldump.c">
      <Filter>ThirdParty\lua</Filter>
    </ClCompile>
    <ClCompile Include="ThirdParty\lua\lfunc.c">
      <Filter>ThirdParty\lua</Filter>
    </ClCompile>
    <ClCompile Include="ThirdParty\lua\lgc.c">
      <Filter>ThirdParty\lua</Filter>
    </ClCompile>
    <ClCompile Include="ThirdParty\lua\linit.c">
      <Filter>ThirdParty\lua</Filter>
    </ClCompile>
    <ClCompile Include="ThirdParty\lua\liolib.c">
      <Filter>ThirdParty\lua</Filter>
    </ClCompile>
    <ClCompile Include="ThirdParty\lua\llex.c">
      <Filter>ThirdParty\lua</Filter>
    </ClCompile>
    <ClCompile Include="ThirdParty\lua\lmathlib.c">
      <Filter>ThirdParty\lua</Filter>
    </ClCompile>
    <ClCompile Include="ThirdParty\lua\lmem.c">
      <Filter>ThirdParty\lua</Filter>
    </ClCompile>
    <ClCompile Include="ThirdParty\lua\loadlib.c">
      <Filter>ThirdParty\lua</Filter>
    </ClCompile>
    <ClCompile Include="ThirdParty\lua\lobject.c">
      <Filter>ThirdParty\lua</Filter>
    </ClCompile>
    <ClCompile Include="ThirdParty\lua\lopcodes.c">
      <Filter>ThirdParty\lua</Filter>
    </ClCompile>
    <ClCompile Include="ThirdParty\lua\loslib.c">
      <Filter>ThirdParty\lua</Filter>
    </ClCompile>
    <ClCompile Include="ThirdParty\lua\lparser.c">
      <Filter>ThirdParty\lua</Filter>
    </ClCompile>
    <ClCompile Include="ThirdParty\lua\lstate.c">
      <Filter>ThirdParty\lua</Filter>
    </ClCompile>
    <ClCompile Include="ThirdParty\lua\lstring.c">
      <Filter>ThirdParty\lua</Filter>
    </ClCompile>
    <ClCompile Include="ThirdParty\lua\lstrlib.c">
      <Filter>ThirdParty\lua</Filter>
    </ClCompile>
    <ClCompile Include="ThirdParty\lua\ltable.c">
      <Filter>ThirdParty\lua</Filter>
    </ClCompile>
    <ClCompile Include="ThirdParty\lua\ltablib.c">
      <Filter>ThirdParty\lua</Filter>
    </ClCompile>
    <ClCompile Include="ThirdParty\lua\ltm.c">
      <Filter>ThirdParty\lua</Filter>
    </ClCompile>
    <ClCompile Include="ThirdParty\lua\lundump.c">
      <Filter>ThirdParty\lua</Filter>
    </ClCompile>
    <ClCompile Include="ThirdParty\lua\lutf8lib.c">
      <Filter>ThirdParty\lua</Filter>
    </ClCompile>
    <ClCompile Include="ThirdParty\lua\lvm.c">
      <Filter>ThirdParty\lua</Filter>
    </ClCompile>
    <ClCompile Include="ThirdParty\lua\lzio.c">
      <Filter>ThirdParty\lua</Filter>
    </ClCompile>
  </ItemGroup>
  <ItemGroup>
    <ClInclude Include="src\MusicPlayer.h">
      <Filter>Code\Header Files</Filter>
    </ClInclude>
    <ClInclude Include="src\Scene.h">
      <Filter>Code\Header Files</Filter>
    </ClInclude>
    <ClInclude Include="src\Scriptable.h">
      <Filter>Code\Header Files\Scripting</Filter>
    </ClInclude>
    <ClInclude Include="src\ScriptManager.h">
      <Filter>Code\Header Files\Scripting</Filter>
    </ClInclude>
    <ClInclude Include="src\Entity.h">
      <Filter>Code\Header Files\Entities</Filter>
    </ClInclude>
    <ClInclude Include="src\Frog.h">
      <Filter>Code\Header Files\Entities</Filter>
    </ClInclude>
    <ClInclude Include="src\Player.h">
      <Filter>Code\Header Files\Entities</Filter>
    </ClInclude>
    <ClInclude Include="src\TextCounter.h">
      <Filter>Code\Header Files\Entities</Filter>
    </ClInclude>
    <ClInclude Include="src\ScriptEntity.h">
      <Filter>Code\Header Files\Entities</Filter>
    </ClInclude>
    <ClInclude Include="src\BlueEnemy.h">
      <Filter>Code\Header Files\Entities</Filter>
    </ClInclude>
    <ClInclude Include="src\GreenEnemy.h">
      <Filter>Code\Header Files\Entities</Filter>
    </ClInclude>
    <ClInclude Include="ThirdParty\lua\lapi.h">
      <Filter>ThirdParty\lua</Filter>
    </ClInclude>
    <ClInclude Include="ThirdParty\lua\lauxlib.h">
      <Filter>ThirdParty\lua</Filter>
    </ClInclude>
    <ClInclude Include="ThirdParty\lua\lcode.h">
      <Filter>ThirdParty\lua</Filter>
    </ClInclude>
    <ClInclude Include="ThirdParty\lua\lctype.h">
      <Filter>ThirdParty\lua</Filter>
    </ClInclude>
    <ClInclude Include="ThirdParty\lua\ldebug.h">
      <Filter>ThirdParty\lua</Filter>
    </ClInclude>
    <ClInclude Include="ThirdParty\lua\ldo.h">
      <Filter>ThirdParty\lua</Filter>
    </ClInclude>
    <ClInclude Include="ThirdParty\lua\lfunc.h">
      <Filter>ThirdParty\lua</Filter>
    </ClInclude>
    <ClInclude Include="ThirdParty\lua\lgc.h">
      <Filter>ThirdParty\lua</Filter>
    </ClInclude>
    <ClInclude Include="ThirdParty\lua\ljumptab.h">
      <Filter>ThirdParty\lua</Filter>
    </ClInclude>
    <ClInclude Include="ThirdParty\lua\llex.h">
      <Filter>ThirdParty\lua</Filter>
    </ClInclude>
    <ClInclude Include="ThirdParty\lua\llimits.h">
      <Filter>ThirdParty\lua</Filter>
    </ClInclude>
    <ClInclude Include="ThirdParty\lua\lmem.h">
      <Filter>ThirdParty\lua</Filter>
    </ClInclude>
    <ClInclude Include="ThirdParty\lua\lobject.h">
      <Filter>ThirdParty\lua</Filter>
    </ClInclude>
    <ClInclude Include="ThirdParty\lua\lopcodes.h">
      <Filter>ThirdParty\lua</Filter>
    </ClInclude>
    <ClInclude Include="ThirdParty\lua\lopnames.h">
      <Filter>ThirdParty\lua</Filter>
    </ClInclude>
    <ClInclude Include="ThirdParty\lua\lparser.h">
      <Filter>ThirdParty\lua</Filter>
    </ClInclude>
    <ClInclude Include="ThirdParty\lua\lprefix.h">
      <Filter>ThirdParty\lua</Filter>
    </ClInclude>
    <ClInclude Include="ThirdParty\lua\lstate.h">
      <Filter>ThirdParty\lua</Filter>
    </ClInclude>
    <ClInclude Include="ThirdParty\lua\lstring.h">
      <Filter>ThirdParty\lua</Filter>
    </ClInclude>
    <ClInclude Include="ThirdParty\lua\ltable.h">
      <Filter>ThirdParty\lua</Filter>
    </ClInclude>
    <ClInclude Include="ThirdParty\lua\ltm.h">
      <Filter>ThirdParty\lua</Filter>
    </ClInclude>
    <ClInclude Include="ThirdParty\lua\lua.h">
      <Filter>ThirdParty\lua</Filter>
    </ClInclude>
    <ClInclude Include="ThirdParty\lua\lua.hpp">
      <Filter>ThirdParty\lua</Filter>
    </ClInclude>
    <ClInclude Include="ThirdParty\lua\luaconf.h">
      <Filter>ThirdParty\lua</Filter>
    </ClInclude>
    <ClInclude Include="ThirdParty\lua\lualib.h">
      <Filter>ThirdParty\lua</Filter>
    </ClInclude>
    <ClInclude Include="ThirdParty\lua\lundump.h">
      <Filter>ThirdParty\lua</Filter>
    </ClInclude>
    <ClInclude Include="ThirdParty\lua\lvm.h">
      <Filter>ThirdParty\lua</Filter>
    </ClInclude>
    <ClInclude Include="ThirdParty\lua\lzio.h">
      <Filter>ThirdParty\lua</Filter>
    </ClInclude>
  </ItemGroup>
  <ItemGroup>
    <None Include=".github\workflows\BuildAndDeployGame.yml">
      <Filter>Workflows</Filter>
    </None>
    <None Include=".github\workflows\BuildGame.yml">
      <Filter>Workflows</Filter>
    </None>
    <None Include=".github\workflows\CreatePackage.yml">
      <Filter>Workflows</Filter>
    </None>
    <None Include=".github\workflows\DeployLatestMain.yml">
      <Filter>Workflows</Filter>
    </None>
    <None Include=".github\workflows\VerifyMain.yml">
      <Filter>Workflows</Filter>
    </None>
    <None Include="scripts\greenEnemy.lua">
      <Filter>Scripts</Filter>
    </None>
    <None Include="scripts\blueEnemy.lua">
      <Filter>Scripts</Filter>
    </None>
    <None Include="scripts\master.lua">
      <Filter>Scripts</Filter>
    </None>
    <None Include="scripts\player.lua">
      <Filter>Scripts</Filter>
    </None>
    <None Include="scripts\frog.lua">
      <Filter>Scripts</Filter>
    </None>
  </ItemGroup>
</Project>