<?xml version="1.0" encoding="utf-8"?>
<Project ToolsVersion="4.0" xmlns="http://schemas.microsoft.com/developer/msbuild/2003">
  <ItemGroup>
    <Filter Include="Scripts">
      <UniqueIdentifier>{0d9449b3-0950-4b07-9283-45f3ae13fc98}</UniqueIdentifier>
    </Filter>
    <Filter Include="Code">
      <UniqueIdentifier>{0b7f2525-2b42-451b-994a-0f5222652d49}</UniqueIdentifier>
    </Filter>
    <Filter Include="Workflows">
      <UniqueIdentifier>{d16d8b33-daa5-451d-b503-bd43bff95941}</UniqueIdentifier>
    </Filter>
    <Filter Include="Code\Components">
      <UniqueIdentifier>{99708c58-52f1-4120-a80f-0655da689bd7}</UniqueIdentifier>
    </Filter>
    <Filter Include="Code\Entity">
      <UniqueIdentifier>{0d810af7-bcd9-46ca-84aa-9250be4a13a3}</UniqueIdentifier>
    </Filter>
    <Filter Include="Code\Scene">
      <UniqueIdentifier>{e5c09b2e-d945-4be1-a7ef-0aa9e31763fb}</UniqueIdentifier>
    </Filter>
    <Filter Include="Code\Scripting">
      <UniqueIdentifier>{9e0024d2-0168-4fcb-8e61-933d7a5c48b1}</UniqueIdentifier>
    </Filter>
  </ItemGroup>
  <ItemGroup>
    <None Include=".github\workflows\BuildAndDeployGame.yml">
      <Filter>Workflows</Filter>
    </None>
    <None Include=".github\workflows\BuildGame.yml">
      <Filter>Workflows</Filter>
    </None>
    <None Include=".github\workflows\CreatePackage.yml">
      <Filter>Workflows</Filter>
    </None>
    <None Include=".github\workflows\DeployLatestMain.yml">
      <Filter>Workflows</Filter>
    </None>
    <None Include=".github\workflows\VerifyMain.yml">
      <Filter>Workflows</Filter>
    </None>
    <None Include="scripts\greenEnemy.lua">
      <Filter>Scripts</Filter>
    </None>
    <None Include="scripts\blueEnemy.lua">
      <Filter>Scripts</Filter>
    </None>
    <None Include="scripts\master.lua">
      <Filter>Scripts</Filter>
    </None>
    <None Include="scripts\player.lua">
      <Filter>Scripts</Filter>
    </None>
    <None Include="scripts\frog.lua">
      <Filter>Scripts</Filter>
    </None>
  </ItemGroup>
  <ItemGroup>
    <ClInclude Include="src\DuckyMath.h">
      <Filter>Code</Filter>
    </ClInclude>
    <ClInclude Include="src\MusicPlayer.h">
      <Filter>Code</Filter>
    </ClInclude>
    <ClInclude Include="src\ResourceManager.h">
      <Filter>Code</Filter>
    </ClInclude>
    <ClInclude Include="src\Components\CircleCollisionComponent.h">
      <Filter>Code\Components</Filter>
    </ClInclude>
    <ClInclude Include="src\Components\CollisionComponent.h">
      <Filter>Code\Components</Filter>
    </ClInclude>
    <ClInclude Include="src\Components\EntityComponent.h">
      <Filter>Code\Components</Filter>
    </ClInclude>
    <ClInclude Include="src\Components\SoundComponent.h">
      <Filter>Code\Components</Filter>
    </ClInclude>
    <ClInclude Include="src\Components\SpriteComponent.h">
      <Filter>Code\Components</Filter>
    </ClInclude>
    <ClInclude Include="src\Entity\BlueEnemy.h">
      <Filter>Code\Entity</Filter>
    </ClInclude>
    <ClInclude Include="src\Entity\EnemyEntity.h">
      <Filter>Code\Entity</Filter>
    </ClInclude>
    <ClInclude Include="src\Entity\Entity.h">
      <Filter>Code\Entity</Filter>
    </ClInclude>
    <ClInclude Include="src\Entity\Frog.h">
      <Filter>Code\Entity</Filter>
    </ClInclude>
    <ClInclude Include="src\Entity\GreenEnemy.h">
      <Filter>Code\Entity</Filter>
    </ClInclude>
    <ClInclude Include="src\Entity\Player.h">
      <Filter>Code\Entity</Filter>
    </ClInclude>
    <ClInclude Include="src\Entity\TextCounter.h">
      <Filter>Code\Entity</Filter>
    </ClInclude>
    <ClInclude Include="src\Scene\Scene.h">
      <Filter>Code\Scene</Filter>
    </ClInclude>
    <ClInclude Include="src\Scripting\Scriptable.h">
      <Filter>Code\Scripting</Filter>
    </ClInclude>
    <ClInclude Include="src\Scripting\ScriptManager.h">
      <Filter>Code\Scripting</Filter>
    </ClInclude>
    <ClInclude Include="src\Entity\ScriptEntity.h">
      <Filter>Code\Entity</Filter>
    </ClInclude>
    <ClInclude Include="src\Scene\SceneNode.h">
      <Filter>Code\Scene</Filter>
    </ClInclude>
    <ClInclude Include="src\Scene\IRenderable.h">
      <Filter>Code\Scene</Filter>
    </ClInclude>
    <ClInclude Include="src\Scene\IUpdateable.h">
      <Filter>Code\Scene</Filter>
    </ClInclude>
    <ClInclude Include="src\Scene\ICollideable.h">
      <Filter>Code\Scene</Filter>
    </ClInclude>
    <ClInclude Include="src\Entity\StaticImage.h">
      <Filter>Code\Entity</Filter>
    </ClInclude>
  </ItemGroup>
  <ItemGroup>
    <ClCompile Include="src\Main.cpp">
      <Filter>Code</Filter>
    </ClCompile>
    <ClCompile Include="src\MusicPlayer.cpp">
      <Filter>Code</Filter>
    </ClCompile>
    <ClCompile Include="src\ResourceManager.cpp">
      <Filter>Code</Filter>
    </ClCompile>
    <ClCompile Include="src\Components\CircleCollisionComponent.cpp">
      <Filter>Code\Components</Filter>
    </ClCompile>
    <ClCompile Include="src\Components\SoundComponent.cpp">
      <Filter>Code\Components</Filter>
    </ClCompile>
    <ClCompile Include="src\Components\SpriteComponent.cpp">
      <Filter>Code\Components</Filter>
    </ClCompile>
    <ClCompile Include="src\Entity\BlueEnemy.cpp">
      <Filter>Code\Entity</Filter>
    </ClCompile>
    <ClCompile Include="src\Entity\Frog.cpp">
      <Filter>Code\Entity</Filter>
    </ClCompile>
    <ClCompile Include="src\Entity\GreenEnemy.cpp">
      <Filter>Code\Entity</Filter>
    </ClCompile>
    <ClCompile Include="src\Entity\Player.cpp">
      <Filter>Code\Entity</Filter>
    </ClCompile>
    <ClCompile Include="src\Entity\TextCounter.cpp">
      <Filter>Code\Entity</Filter>
    </ClCompile>
    <ClCompile Include="src\Scene\Scene.cpp">
      <Filter>Code\Scene</Filter>
    </ClCompile>
    <ClCompile Include="src\Scripting\Scriptable.cpp">
      <Filter>Code\Scripting</Filter>
    </ClCompile>
    <ClCompile Include="src\Scripting\ScriptManager.cpp">
      <Filter>Code\Scripting</Filter>
    </ClCompile>
    <ClCompile Include="src\Scene\SceneNode.cpp">
      <Filter>Code\Scene</Filter>
    </ClCompile>
    <ClCompile Include="src\Scene\IRenderable.cpp">
      <Filter>Code\Scene</Filter>
    </ClCompile>
    <ClCompile Include="src\Scene\IUpdateable.cpp">
      <Filter>Code\Scene</Filter>
    </ClCompile>
    <ClCompile Include="src\Scene\ICollideable.cpp">
      <Filter>Code\Scene</Filter>
    </ClCompile>
    <ClCompile Include="src\Entity\StaticImage.cpp">
      <Filter>Code\Entity</Filter>
    </ClCompile>
  </ItemGroup>
</Project>