
Microsoft Visual Studio Solution File, Format Version 12.00
# Visual Studio Version 17
VisualStudioVersion = 17.1.32228.430
MinimumVisualStudioVersion = 10.0.40219.1
Project("{8BC9CEB8-8B4A-11D0-8D11-00A0C91BC942}") = "DuckyGame", "DuckyGame.vcxproj", "{042CD62F-6DC6-4085-83F2-6E7CA14803E1}"
EndProject
Global
	GlobalSection(SolutionConfigurationPlatforms) = preSolution
		Debug|x86 = Debug|x86
		QA|x86 = QA|x86
		Release|x86 = Release|x86
	EndGlobalSection
	GlobalSection(ProjectConfigurationPlatforms) = postSolution
		{042CD62F-6DC6-4085-83F2-6E7CA14803E1}.Debug|x86.ActiveCfg = Debug|Win32
		{042CD62F-6DC6-4085-83F2-6E7CA14803E1}.Debug|x86.Build.0 = Debug|Win32
		{042CD62F-6DC6-4085-83F2-6E7CA14803E1}.QA|x86.ActiveCfg = QA|Win32
		{042CD62F-6DC6-4085-83F2-6E7CA14803E1}.QA|x86.Build.0 = QA|Win32
		{042CD62F-6DC6-4085-83F2-6E7CA14803E1}.Release|x86.ActiveCfg = Release|Win32
		{042CD62F-6DC6-4085-83F2-6E7CA14803E1}.Release|x86.Build.0 = Release|Win32
	EndGlobalSection
	GlobalSection(SolutionProperties) = preSolution
		HideSolutionNode = FALSE
	EndGlobalSection
	GlobalSection(ExtensibilityGlobals) = postSolution
		SolutionGuid = {15AB8BA8-90CA-471E-8D34-CE2C9F7E33F6}
	EndGlobalSection
EndGlobal
